
Microsoft Visual Studio Solution File, Format Version 12.00
# Visual Studio Version 16
VisualStudioVersion = 16.0.31005.135
MinimumVisualStudioVersion = 10.0.40219.1
Project("{FAE04EC0-301F-11D3-BF4B-00C04F79EFBC}") = "LinqTask1", "LinqTask1\LinqTask1.csproj", "{285644E3-DB21-4553-B421-5D65C0D0881E}"
EndProject
Global
	GlobalSection(SolutionConfigurationPlatforms) = preSolution
		Debug|Any CPU = Debug|Any CPU
		Release|Any CPU = Release|Any CPU
	EndGlobalSection
	GlobalSection(ProjectConfigurationPlatforms) = postSolution
		{285644E3-DB21-4553-B421-5D65C0D0881E}.Debug|Any CPU.ActiveCfg = Debug|Any CPU
		{285644E3-DB21-4553-B421-5D65C0D0881E}.Debug|Any CPU.Build.0 = Debug|Any CPU
		{285644E3-DB21-4553-B421-5D65C0D0881E}.Release|Any CPU.ActiveCfg = Release|Any CPU
		{285644E3-DB21-4553-B421-5D65C0D0881E}.Release|Any CPU.Build.0 = Release|Any CPU
	EndGlobalSection
	GlobalSection(SolutionProperties) = preSolution
		HideSolutionNode = FALSE
	EndGlobalSection
	GlobalSection(ExtensibilityGlobals) = postSolution
		SolutionGuid = {6FF3FE0A-8E20-41F4-B9E4-ADD43368D477}
	EndGlobalSection
EndGlobal
