
Microsoft Visual Studio Solution File, Format Version 12.00
# Visual Studio Version 16
VisualStudioVersion = 16.0.31005.135
MinimumVisualStudioVersion = 10.0.40219.1
Project("{FAE04EC0-301F-11D3-BF4B-00C04F79EFBC}") = "LinqTask2", "LinqTask2\LinqTask2.csproj", "{55D3CD9B-BD14-4961-869B-CF36AF29A98A}"
EndProject
Global
	GlobalSection(SolutionConfigurationPlatforms) = preSolution
		Debug|Any CPU = Debug|Any CPU
		Release|Any CPU = Release|Any CPU
	EndGlobalSection
	GlobalSection(ProjectConfigurationPlatforms) = postSolution
		{55D3CD9B-BD14-4961-869B-CF36AF29A98A}.Debug|Any CPU.ActiveCfg = Debug|Any CPU
		{55D3CD9B-BD14-4961-869B-CF36AF29A98A}.Debug|Any CPU.Build.0 = Debug|Any CPU
		{55D3CD9B-BD14-4961-869B-CF36AF29A98A}.Release|Any CPU.ActiveCfg = Release|Any CPU
		{55D3CD9B-BD14-4961-869B-CF36AF29A98A}.Release|Any CPU.Build.0 = Release|Any CPU
	EndGlobalSection
	GlobalSection(SolutionProperties) = preSolution
		HideSolutionNode = FALSE
	EndGlobalSection
	GlobalSection(ExtensibilityGlobals) = postSolution
		SolutionGuid = {4F3AA5D0-09EA-4CAF-A581-9803CF000426}
	EndGlobalSection
EndGlobal
