
Microsoft Visual Studio Solution File, Format Version 12.00
# Visual Studio Version 16
VisualStudioVersion = 16.0.31911.196
MinimumVisualStudioVersion = 10.0.40219.1
Project("{FAE04EC0-301F-11D3-BF4B-00C04F79EFBC}") = "TypeReflection", "TypeReflection\TypeReflection.csproj", "{1763D607-333C-489E-BF3C-C25B30CC1D12}"
EndProject
Global
	GlobalSection(SolutionConfigurationPlatforms) = preSolution
		Debug|Any CPU = Debug|Any CPU
		Release|Any CPU = Release|Any CPU
	EndGlobalSection
	GlobalSection(ProjectConfigurationPlatforms) = postSolution
		{1763D607-333C-489E-BF3C-C25B30CC1D12}.Debug|Any CPU.ActiveCfg = Debug|Any CPU
		{1763D607-333C-489E-BF3C-C25B30CC1D12}.Debug|Any CPU.Build.0 = Debug|Any CPU
		{1763D607-333C-489E-BF3C-C25B30CC1D12}.Release|Any CPU.ActiveCfg = Release|Any CPU
		{1763D607-333C-489E-BF3C-C25B30CC1D12}.Release|Any CPU.Build.0 = Release|Any CPU
	EndGlobalSection
	GlobalSection(SolutionProperties) = preSolution
		HideSolutionNode = FALSE
	EndGlobalSection
	GlobalSection(ExtensibilityGlobals) = postSolution
		SolutionGuid = {ECCB2FAC-DCAB-44A3-A76D-D496C2F47AC7}
	EndGlobalSection
EndGlobal
