
Microsoft Visual Studio Solution File, Format Version 12.00
# Visual Studio Version 16
VisualStudioVersion = 16.0.31005.135
MinimumVisualStudioVersion = 10.0.40219.1
Project("{FAE04EC0-301F-11D3-BF4B-00C04F79EFBC}") = "Devices", "Devices\Devices.csproj", "{BDC879BF-C312-4BE9-90C2-67C7650941C6}"
EndProject
Project("{FAE04EC0-301F-11D3-BF4B-00C04F79EFBC}") = "DevicesUnitTests", "DevicesUnitTests\DevicesUnitTests.csproj", "{B8F5C19D-9E97-4A6A-A448-ADD8C7EA2282}"
EndProject
Global
	GlobalSection(SolutionConfigurationPlatforms) = preSolution
		Debug|Any CPU = Debug|Any CPU
		Release|Any CPU = Release|Any CPU
	EndGlobalSection
	GlobalSection(ProjectConfigurationPlatforms) = postSolution
		{BDC879BF-C312-4BE9-90C2-67C7650941C6}.Debug|Any CPU.ActiveCfg = Debug|Any CPU
		{BDC879BF-C312-4BE9-90C2-67C7650941C6}.Debug|Any CPU.Build.0 = Debug|Any CPU
		{BDC879BF-C312-4BE9-90C2-67C7650941C6}.Release|Any CPU.ActiveCfg = Release|Any CPU
		{BDC879BF-C312-4BE9-90C2-67C7650941C6}.Release|Any CPU.Build.0 = Release|Any CPU
		{B8F5C19D-9E97-4A6A-A448-ADD8C7EA2282}.Debug|Any CPU.ActiveCfg = Debug|Any CPU
		{B8F5C19D-9E97-4A6A-A448-ADD8C7EA2282}.Debug|Any CPU.Build.0 = Debug|Any CPU
		{B8F5C19D-9E97-4A6A-A448-ADD8C7EA2282}.Release|Any CPU.ActiveCfg = Release|Any CPU
		{B8F5C19D-9E97-4A6A-A448-ADD8C7EA2282}.Release|Any CPU.Build.0 = Release|Any CPU
	EndGlobalSection
	GlobalSection(SolutionProperties) = preSolution
		HideSolutionNode = FALSE
	EndGlobalSection
	GlobalSection(ExtensibilityGlobals) = postSolution
		SolutionGuid = {84E6D7B5-9BD9-4A0E-8057-198506705BE4}
	EndGlobalSection
EndGlobal
