
Microsoft Visual Studio Solution File, Format Version 12.00
# Visual Studio Version 16
VisualStudioVersion = 16.0.31005.135
MinimumVisualStudioVersion = 10.0.40219.1
Project("{FAE04EC0-301F-11D3-BF4B-00C04F79EFBC}") = "LinqTask5", "LinqTask5\LinqTask5.csproj", "{73964212-23B5-411C-A95D-C51C29BD2CA0}"
EndProject
Global
	GlobalSection(SolutionConfigurationPlatforms) = preSolution
		Debug|Any CPU = Debug|Any CPU
		Release|Any CPU = Release|Any CPU
	EndGlobalSection
	GlobalSection(ProjectConfigurationPlatforms) = postSolution
		{73964212-23B5-411C-A95D-C51C29BD2CA0}.Debug|Any CPU.ActiveCfg = Debug|Any CPU
		{73964212-23B5-411C-A95D-C51C29BD2CA0}.Debug|Any CPU.Build.0 = Debug|Any CPU
		{73964212-23B5-411C-A95D-C51C29BD2CA0}.Release|Any CPU.ActiveCfg = Release|Any CPU
		{73964212-23B5-411C-A95D-C51C29BD2CA0}.Release|Any CPU.Build.0 = Release|Any CPU
	EndGlobalSection
	GlobalSection(SolutionProperties) = preSolution
		HideSolutionNode = FALSE
	EndGlobalSection
	GlobalSection(ExtensibilityGlobals) = postSolution
		SolutionGuid = {82BBA5DB-0DCB-4A13-B952-F1EFA9A625A5}
	EndGlobalSection
EndGlobal
